# This file is autogenerated, do not edit; changes may be undone by the next 'dep ensure'.


[[projects]]
  digest = "1:9f3b30d9f8e0d7040f729b82dcbc8f0dead820a133b3147ce355fc451f32d761"
  name = "github.com/BurntSushi/toml"
  packages = ["."]
  pruneopts = "UT"
  revision = "3012a1dbe2e4bd1391d42b32f0577cb7bbc7f005"
  version = "v0.3.1"

[[projects]]
  branch = "master"
  digest = "1:33217548884728c0ef67dea74a130c18af2b1b1c53c399dd42dc285eaf67f3a8"
  name = "github.com/Gurpartap/logrus-stack"
  packages = ["."]
  pruneopts = "UT"
  revision = "89c00d8a28f43c567d92eb81a2945301a6a9fbb9"

[[projects]]
  branch = "master"
  digest = "1:9a023ac8c30a6871d3fc94c9c0b5a0639ede096c351fd6cdcd7268fe9cb95af2"
  name = "github.com/facebookgo/stack"
  packages = ["."]
  pruneopts = "UT"
  revision = "751773369052141c013c6e827a71e8f35c07879c"

[[projects]]
  digest = "1:d867dfa6751c8d7a435821ad3b736310c2ed68945d05b50fb9d23aee0540c8cc"
  name = "github.com/sirupsen/logrus"
  packages = ["."]
  pruneopts = "UT"
  revision = "3e01752db0189b9157070a0e1668a620f9a85da2"
  version = "v1.0.6"

[[projects]]
  branch = "master"
  digest = "1:c4e2757271979c0ba7af7dd274d30944c4ebc850da13b51bba3fb4933553f128"
  name = "golang.org/x/crypto"
  packages = [
    "curve25519",
    "ed25519",
    "ed25519/internal/edwards25519",
    "internal/chacha20",
    "internal/subtle",
    "poly1305",
    "ssh",
    "ssh/terminal",
  ]
  pruneopts = "UT"
  revision = "49d37e54693671bb5036cda43d9c4eaf06aae10c"
  source = "https://github.com/tsurubee/crypto.git"

[[projects]]
  branch = "master"
  digest = "1:4d2869b8df54b3a687c426758d0891720e8bedfa6ff5d472671ce1d31d29bdfb"
  name = "golang.org/x/sys"
  packages = [
    "unix",
    "windows",
  ]
  pruneopts = "UT"
  revision = "d47a0f3392421c5624713c9a19fe781f651f8a50"

[solve-meta]
  analyzer-name = "dep"
  analyzer-version = 1
  input-imports = [
    "github.com/BurntSushi/toml",
    "github.com/Gurpartap/logrus-stack",
    "github.com/sirupsen/logrus",
    "golang.org/x/crypto/ssh",
  ]
  solver-name = "gps-cdcl"
  solver-version = 1
