# This file is autogenerated, do not edit; changes may be undone by the next 'dep ensure'.


[[projects]]
  digest = "1:b16fbfbcc20645cb419f78325bb2e85ec729b338e996a228124d68931a6f2a37"
  name = "github.com/BurntSushi/toml"
  packages = ["."]
  pruneopts = "UT"
  revision = "b26d9c308763d68093482582cea63d69be07a0f0"
  version = "v0.3.0"

[[projects]]
  branch = "master"
  digest = "1:33217548884728c0ef67dea74a130c18af2b1b1c53c399dd42dc285eaf67f3a8"
  name = "github.com/Gurpartap/logrus-stack"
  packages = ["."]
  pruneopts = "UT"
  revision = "89c00d8a28f43c567d92eb81a2945301a6a9fbb9"

[[projects]]
  branch = "master"
  digest = "1:9a023ac8c30a6871d3fc94c9c0b5a0639ede096c351fd6cdcd7268fe9cb95af2"
  name = "github.com/facebookgo/stack"
  packages = ["."]
  pruneopts = "UT"
  revision = "751773369052141c013c6e827a71e8f35c07879c"

[[projects]]
  digest = "1:d867dfa6751c8d7a435821ad3b736310c2ed68945d05b50fb9d23aee0540c8cc"
  name = "github.com/sirupsen/logrus"
  packages = ["."]
  pruneopts = "UT"
  revision = "3e01752db0189b9157070a0e1668a620f9a85da2"
  version = "v1.0.6"

[[projects]]
  branch = "base"
  digest = "1:8eda9c49cfea998a042a14817c08936ed2f5135f6e7c11fdf401c61c08b540a9"
  name = "github.com/tsurubee/sshr"
  packages = ["sshr"]
  pruneopts = "UT"
  revision = "8f893df148b4412adfa020ec97b814595d1c2a60"

[[projects]]
  branch = "master"
  digest = "1:ef77dec87f5e13c7a5d29f2f101c8ddee174e9a81c17c60c7df75039b593951b"
  name = "golang.org/x/crypto"
  packages = [
    "curve25519",
    "ed25519",
    "ed25519/internal/edwards25519",
    "internal/chacha20",
    "internal/subtle",
    "poly1305",
    "ssh",
    "ssh/terminal",
  ]
  pruneopts = "UT"
  revision = "80fca2ff14a3fb7db622c9a5462f8ce9ea026cba"

[[projects]]
  branch = "master"
  digest = "1:1f2a1717924c1d867098dc9e6c2970e425df30aae2eb89849614993825e0720a"
  name = "golang.org/x/sys"
  packages = [
    "unix",
    "windows",
  ]
  pruneopts = "UT"
  revision = "2be389f392cd91df245b41638f818a1c041f0c08"

[solve-meta]
  analyzer-name = "dep"
  analyzer-version = 1
  input-imports = [
    "github.com/BurntSushi/toml",
    "github.com/Gurpartap/logrus-stack",
    "github.com/sirupsen/logrus",
    "github.com/tsurubee/sshr/sshr",
    "golang.org/x/crypto/ssh",
  ]
  solver-name = "gps-cdcl"
  solver-version = 1
